
Microsoft Visual Studio Solution File, Format Version 12.00
# Visual Studio 15
VisualStudioVersion = 15.0.28307.852
MinimumVisualStudioVersion = 10.0.40219.1
Project("{FAE04EC0-301F-11D3-BF4B-00C04F79EFBC}") = "ThereIsNoSpoonCodingAme", "ThereIsNoSpoonCodingAme\ThereIsNoSpoonCodingAme.csproj", "{DACF009F-A72D-4EAB-BE08-F28D9DE0E83B}"
EndProject
Global
	GlobalSection(SolutionConfigurationPlatforms) = preSolution
		Debug|Any CPU = Debug|Any CPU
		Release|Any CPU = Release|Any CPU
	EndGlobalSection
	GlobalSection(ProjectConfigurationPlatforms) = postSolution
		{DACF009F-A72D-4EAB-BE08-F28D9DE0E83B}.Debug|Any CPU.ActiveCfg = Debug|Any CPU
		{DACF009F-A72D-4EAB-BE08-F28D9DE0E83B}.Debug|Any CPU.Build.0 = Debug|Any CPU
		{DACF009F-A72D-4EAB-BE08-F28D9DE0E83B}.Release|Any CPU.ActiveCfg = Release|Any CPU
		{DACF009F-A72D-4EAB-BE08-F28D9DE0E83B}.Release|Any CPU.Build.0 = Release|Any CPU
	EndGlobalSection
	GlobalSection(SolutionProperties) = preSolution
		HideSolutionNode = FALSE
	EndGlobalSection
	GlobalSection(ExtensibilityGlobals) = postSolution
		SolutionGuid = {6E1BC988-3E3D-46E6-8317-8093E91CB07D}
	EndGlobalSection
EndGlobal
